
Microsoft Visual Studio Solution File, Format Version 12.00
# Visual Studio 15
VisualStudioVersion = 15.0.27130.2027
MinimumVisualStudioVersion = 10.0.40219.1
Project("{FAE04EC0-301F-11D3-BF4B-00C04F79EFBC}") = "SignalTransformation", "SignalTransformation\SignalTransformation.csproj", "{05DF6047-A252-4915-96AB-E5E3335FDC19}"
EndProject
Project("{FAE04EC0-301F-11D3-BF4B-00C04F79EFBC}") = "SignalTransformation.Core", "SignalTransformation.Core\SignalTransformation.Core.csproj", "{E5FE4954-4250-4552-8F8D-856DB806AF4A}"
EndProject
Global
	GlobalSection(SolutionConfigurationPlatforms) = preSolution
		Debug|Any CPU = Debug|Any CPU
		Release|Any CPU = Release|Any CPU
	EndGlobalSection
	GlobalSection(ProjectConfigurationPlatforms) = postSolution
		{05DF6047-A252-4915-96AB-E5E3335FDC19}.Debug|Any CPU.ActiveCfg = Debug|Any CPU
		{05DF6047-A252-4915-96AB-E5E3335FDC19}.Debug|Any CPU.Build.0 = Debug|Any CPU
		{05DF6047-A252-4915-96AB-E5E3335FDC19}.Release|Any CPU.ActiveCfg = Release|Any CPU
		{05DF6047-A252-4915-96AB-E5E3335FDC19}.Release|Any CPU.Build.0 = Release|Any CPU
		{E5FE4954-4250-4552-8F8D-856DB806AF4A}.Debug|Any CPU.ActiveCfg = Debug|Any CPU
		{E5FE4954-4250-4552-8F8D-856DB806AF4A}.Debug|Any CPU.Build.0 = Debug|Any CPU
		{E5FE4954-4250-4552-8F8D-856DB806AF4A}.Release|Any CPU.ActiveCfg = Release|Any CPU
		{E5FE4954-4250-4552-8F8D-856DB806AF4A}.Release|Any CPU.Build.0 = Release|Any CPU
	EndGlobalSection
	GlobalSection(SolutionProperties) = preSolution
		HideSolutionNode = FALSE
	EndGlobalSection
	GlobalSection(ExtensibilityGlobals) = postSolution
		SolutionGuid = {0CF1EB80-F546-404F-A511-95A01C2E56A7}
	EndGlobalSection
EndGlobal
